
Microsoft Visual Studio Solution File, Format Version 12.00
# Visual Studio Version 17
VisualStudioVersion = 17.5.33516.290
MinimumVisualStudioVersion = 10.0.40219.1
Project("{9A19103F-16F7-4668-BE54-9A1E7A4F7556}") = "ConsoleApp1", "ConsoleApp1\ConsoleApp1.csproj", "{AA5A4B19-A7CC-4D80-B15F-E8B6C49D9933}"
EndProject
Project("{9A19103F-16F7-4668-BE54-9A1E7A4F7556}") = "Opiskelija", "Opiskelia\Opiskelija.csproj", "{DEBC480F-7D54-4DF2-BF56-15C1EA1125F3}"
EndProject
Project("{9A19103F-16F7-4668-BE54-9A1E7A4F7556}") = "kiuas kt", "kiuas kt\kiuas kt.csproj", "{D112A58B-BA5A-44DE-A7F4-55C49BE4AD6E}"
EndProject
Project("{9A19103F-16F7-4668-BE54-9A1E7A4F7556}") = "Albumi kt", "Albumi kt\Albumi kt.csproj", "{675CB1F7-9B1F-4AF7-828A-8990272D5E38}"
EndProject
Project("{9A19103F-16F7-4668-BE54-9A1E7A4F7556}") = "korttipakka", "korttipakka\korttipakka.csproj", "{F7D5E7A7-2546-4D60-9B50-1ECEE9A5C99D}"
EndProject
Project("{9A19103F-16F7-4668-BE54-9A1E7A4F7556}") = "Työntekijä ja pomo", "Työntekijä ja pomo\Työntekijä ja pomo.csproj", "{4374401F-36C2-4338-987E-811265669183}"
EndProject
Project("{9A19103F-16F7-4668-BE54-9A1E7A4F7556}") = "Radio 1", "Radio 1\Radio 1.csproj", "{78BBF33F-B56E-47CA-918B-012370B721A0}"
EndProject
Project("{9A19103F-16F7-4668-BE54-9A1E7A4F7556}") = "Radio 2", "Radio 2\Radio 2.csproj", "{3ADADC9D-DBD3-47A2-BB77-59C4F09F0D55}"
EndProject
Project("{9A19103F-16F7-4668-BE54-9A1E7A4F7556}") = "SM-liiga", "SM-liiga\SM-liiga.csproj", "{CF383B25-07FA-4632-82E3-D5C5DB5BEA79}"
EndProject
Project("{FAE04EC0-301F-11D3-BF4B-00C04F79EFBC}") = "TaloWpf", "TaloWpf\TaloWpf.csproj", "{EB6AAC34-63E1-47E0-9AB2-80EB5FF1C77D}"
EndProject
Project("{FAE04EC0-301F-11D3-BF4B-00C04F79EFBC}") = "LaskinWpf", "LaskinWpf\LaskinWpf.csproj", "{4C15D6F2-D8E5-43ED-B513-F8DD114C5731}"
EndProject
Project("{FAE04EC0-301F-11D3-BF4B-00C04F79EFBC}") = "KauppalistaWpf", "KauppalistaWpf\KauppalistaWpf.csproj", "{B6949367-2E8C-4478-9968-96A1338C7229}"
EndProject
Project("{FAE04EC0-301F-11D3-BF4B-00C04F79EFBC}") = "Pinta-ala LaskuriWpf", "Pinta-ala LaskuriWpf\Pinta-ala LaskuriWpf.csproj", "{1D8588A4-5512-4FA2-8A74-E0871969F3D8}"
EndProject
Global
	GlobalSection(SolutionConfigurationPlatforms) = preSolution
		Debug|Any CPU = Debug|Any CPU
		Release|Any CPU = Release|Any CPU
	EndGlobalSection
	GlobalSection(ProjectConfigurationPlatforms) = postSolution
		{AA5A4B19-A7CC-4D80-B15F-E8B6C49D9933}.Debug|Any CPU.ActiveCfg = Debug|Any CPU
		{AA5A4B19-A7CC-4D80-B15F-E8B6C49D9933}.Debug|Any CPU.Build.0 = Debug|Any CPU
		{AA5A4B19-A7CC-4D80-B15F-E8B6C49D9933}.Release|Any CPU.ActiveCfg = Release|Any CPU
		{AA5A4B19-A7CC-4D80-B15F-E8B6C49D9933}.Release|Any CPU.Build.0 = Release|Any CPU
		{DEBC480F-7D54-4DF2-BF56-15C1EA1125F3}.Debug|Any CPU.ActiveCfg = Debug|Any CPU
		{DEBC480F-7D54-4DF2-BF56-15C1EA1125F3}.Debug|Any CPU.Build.0 = Debug|Any CPU
		{DEBC480F-7D54-4DF2-BF56-15C1EA1125F3}.Release|Any CPU.ActiveCfg = Release|Any CPU
		{DEBC480F-7D54-4DF2-BF56-15C1EA1125F3}.Release|Any CPU.Build.0 = Release|Any CPU
		{D112A58B-BA5A-44DE-A7F4-55C49BE4AD6E}.Debug|Any CPU.ActiveCfg = Debug|Any CPU
		{D112A58B-BA5A-44DE-A7F4-55C49BE4AD6E}.Debug|Any CPU.Build.0 = Debug|Any CPU
		{D112A58B-BA5A-44DE-A7F4-55C49BE4AD6E}.Release|Any CPU.ActiveCfg = Release|Any CPU
		{D112A58B-BA5A-44DE-A7F4-55C49BE4AD6E}.Release|Any CPU.Build.0 = Release|Any CPU
		{675CB1F7-9B1F-4AF7-828A-8990272D5E38}.Debug|Any CPU.ActiveCfg = Debug|Any CPU
		{675CB1F7-9B1F-4AF7-828A-8990272D5E38}.Debug|Any CPU.Build.0 = Debug|Any CPU
		{675CB1F7-9B1F-4AF7-828A-8990272D5E38}.Release|Any CPU.ActiveCfg = Release|Any CPU
		{675CB1F7-9B1F-4AF7-828A-8990272D5E38}.Release|Any CPU.Build.0 = Release|Any CPU
		{F7D5E7A7-2546-4D60-9B50-1ECEE9A5C99D}.Debug|Any CPU.ActiveCfg = Debug|Any CPU
		{F7D5E7A7-2546-4D60-9B50-1ECEE9A5C99D}.Debug|Any CPU.Build.0 = Debug|Any CPU
		{F7D5E7A7-2546-4D60-9B50-1ECEE9A5C99D}.Release|Any CPU.ActiveCfg = Release|Any CPU
		{F7D5E7A7-2546-4D60-9B50-1ECEE9A5C99D}.Release|Any CPU.Build.0 = Release|Any CPU
		{4374401F-36C2-4338-987E-811265669183}.Debug|Any CPU.ActiveCfg = Debug|Any CPU
		{4374401F-36C2-4338-987E-811265669183}.Debug|Any CPU.Build.0 = Debug|Any CPU
		{4374401F-36C2-4338-987E-811265669183}.Release|Any CPU.ActiveCfg = Release|Any CPU
		{4374401F-36C2-4338-987E-811265669183}.Release|Any CPU.Build.0 = Release|Any CPU
		{78BBF33F-B56E-47CA-918B-012370B721A0}.Debug|Any CPU.ActiveCfg = Debug|Any CPU
		{78BBF33F-B56E-47CA-918B-012370B721A0}.Debug|Any CPU.Build.0 = Debug|Any CPU
		{78BBF33F-B56E-47CA-918B-012370B721A0}.Release|Any CPU.ActiveCfg = Release|Any CPU
		{78BBF33F-B56E-47CA-918B-012370B721A0}.Release|Any CPU.Build.0 = Release|Any CPU
		{3ADADC9D-DBD3-47A2-BB77-59C4F09F0D55}.Debug|Any CPU.ActiveCfg = Debug|Any CPU
		{3ADADC9D-DBD3-47A2-BB77-59C4F09F0D55}.Debug|Any CPU.Build.0 = Debug|Any CPU
		{3ADADC9D-DBD3-47A2-BB77-59C4F09F0D55}.Release|Any CPU.ActiveCfg = Release|Any CPU
		{3ADADC9D-DBD3-47A2-BB77-59C4F09F0D55}.Release|Any CPU.Build.0 = Release|Any CPU
		{CF383B25-07FA-4632-82E3-D5C5DB5BEA79}.Debug|Any CPU.ActiveCfg = Debug|Any CPU
		{CF383B25-07FA-4632-82E3-D5C5DB5BEA79}.Debug|Any CPU.Build.0 = Debug|Any CPU
		{CF383B25-07FA-4632-82E3-D5C5DB5BEA79}.Release|Any CPU.ActiveCfg = Release|Any CPU
		{CF383B25-07FA-4632-82E3-D5C5DB5BEA79}.Release|Any CPU.Build.0 = Release|Any CPU
		{EB6AAC34-63E1-47E0-9AB2-80EB5FF1C77D}.Debug|Any CPU.ActiveCfg = Debug|Any CPU
		{EB6AAC34-63E1-47E0-9AB2-80EB5FF1C77D}.Debug|Any CPU.Build.0 = Debug|Any CPU
		{EB6AAC34-63E1-47E0-9AB2-80EB5FF1C77D}.Release|Any CPU.ActiveCfg = Release|Any CPU
		{EB6AAC34-63E1-47E0-9AB2-80EB5FF1C77D}.Release|Any CPU.Build.0 = Release|Any CPU
		{4C15D6F2-D8E5-43ED-B513-F8DD114C5731}.Debug|Any CPU.ActiveCfg = Debug|Any CPU
		{4C15D6F2-D8E5-43ED-B513-F8DD114C5731}.Debug|Any CPU.Build.0 = Debug|Any CPU
		{4C15D6F2-D8E5-43ED-B513-F8DD114C5731}.Release|Any CPU.ActiveCfg = Release|Any CPU
		{4C15D6F2-D8E5-43ED-B513-F8DD114C5731}.Release|Any CPU.Build.0 = Release|Any CPU
		{B6949367-2E8C-4478-9968-96A1338C7229}.Debug|Any CPU.ActiveCfg = Debug|Any CPU
		{B6949367-2E8C-4478-9968-96A1338C7229}.Debug|Any CPU.Build.0 = Debug|Any CPU
		{B6949367-2E8C-4478-9968-96A1338C7229}.Release|Any CPU.ActiveCfg = Release|Any CPU
		{B6949367-2E8C-4478-9968-96A1338C7229}.Release|Any CPU.Build.0 = Release|Any CPU
		{1D8588A4-5512-4FA2-8A74-E0871969F3D8}.Debug|Any CPU.ActiveCfg = Debug|Any CPU
		{1D8588A4-5512-4FA2-8A74-E0871969F3D8}.Debug|Any CPU.Build.0 = Debug|Any CPU
		{1D8588A4-5512-4FA2-8A74-E0871969F3D8}.Release|Any CPU.ActiveCfg = Release|Any CPU
		{1D8588A4-5512-4FA2-8A74-E0871969F3D8}.Release|Any CPU.Build.0 = Release|Any CPU
	EndGlobalSection
	GlobalSection(SolutionProperties) = preSolution
		HideSolutionNode = FALSE
	EndGlobalSection
	GlobalSection(ExtensibilityGlobals) = postSolution
		SolutionGuid = {92600346-4F7A-400F-91F3-0CE4C110C429}
	EndGlobalSection
EndGlobal
