
Microsoft Visual Studio Solution File, Format Version 12.00
# Visual Studio Version 17
VisualStudioVersion = 17.5.33516.290
MinimumVisualStudioVersion = 10.0.40219.1
Project("{FAE04EC0-301F-11D3-BF4B-00C04F79EFBC}") = "Esimekki eläin", "Esimekki eläin\Esimekki eläin.csproj", "{E9E759F4-C36D-49F9-9250-84C4A7D9DFE5}"
EndProject
Global
	GlobalSection(SolutionConfigurationPlatforms) = preSolution
		Debug|Any CPU = Debug|Any CPU
		Release|Any CPU = Release|Any CPU
	EndGlobalSection
	GlobalSection(ProjectConfigurationPlatforms) = postSolution
		{E9E759F4-C36D-49F9-9250-84C4A7D9DFE5}.Debug|Any CPU.ActiveCfg = Debug|Any CPU
		{E9E759F4-C36D-49F9-9250-84C4A7D9DFE5}.Debug|Any CPU.Build.0 = Debug|Any CPU
		{E9E759F4-C36D-49F9-9250-84C4A7D9DFE5}.Release|Any CPU.ActiveCfg = Release|Any CPU
		{E9E759F4-C36D-49F9-9250-84C4A7D9DFE5}.Release|Any CPU.Build.0 = Release|Any CPU
	EndGlobalSection
	GlobalSection(SolutionProperties) = preSolution
		HideSolutionNode = FALSE
	EndGlobalSection
	GlobalSection(ExtensibilityGlobals) = postSolution
		SolutionGuid = {639A9E50-68E0-4500-A1DB-26DDD4EDD723}
	EndGlobalSection
EndGlobal
